
Microsoft Visual Studio Solution File, Format Version 12.00
# Visual Studio Version 16
VisualStudioVersion = 16.0.29613.14
MinimumVisualStudioVersion = 10.0.40219.1
Project("{FAE04EC0-301F-11D3-BF4B-00C04F79EFBC}") = "ITI.MVC.LinkedIn.Web", "ITI.MVC.LinkedIn.Web\ITI.MVC.LinkedIn.Web.csproj", "{D5A4FFC0-1B0F-44A9-A730-D5F67F1A8E49}"
EndProject
Project("{FAE04EC0-301F-11D3-BF4B-00C04F79EFBC}") = "ITI.MVC.LinkedIn.DbLayer", "ITI.MVC.LinkedIn.DbLayer\ITI.MVC.LinkedIn.DbLayer.csproj", "{874597CF-4E43-4064-8C13-F7E86E5B554A}"
EndProject
Project("{FAE04EC0-301F-11D3-BF4B-00C04F79EFBC}") = "ITI.MVC.LinkedIn.DbManager", "ITI.MVC.LinkedIn.DbManager\ITI.MVC.LinkedIn.DbManager.csproj", "{2C3BE841-B0BB-423B-B738-77938DC63D28}"
EndProject
Project("{FAE04EC0-301F-11D3-BF4B-00C04F79EFBC}") = "ITI.MVC.LinkedIn.Store", "ITI.MVC.LinkedIn.Store\ITI.MVC.LinkedIn.Store.csproj", "{476F7252-13C0-4D68-9272-0B64E2F9DC02}"
EndProject
Global
	GlobalSection(SolutionConfigurationPlatforms) = preSolution
		Debug|Any CPU = Debug|Any CPU
		Release|Any CPU = Release|Any CPU
	EndGlobalSection
	GlobalSection(ProjectConfigurationPlatforms) = postSolution
		{D5A4FFC0-1B0F-44A9-A730-D5F67F1A8E49}.Debug|Any CPU.ActiveCfg = Debug|Any CPU
		{D5A4FFC0-1B0F-44A9-A730-D5F67F1A8E49}.Debug|Any CPU.Build.0 = Debug|Any CPU
		{D5A4FFC0-1B0F-44A9-A730-D5F67F1A8E49}.Release|Any CPU.ActiveCfg = Release|Any CPU
		{D5A4FFC0-1B0F-44A9-A730-D5F67F1A8E49}.Release|Any CPU.Build.0 = Release|Any CPU
		{874597CF-4E43-4064-8C13-F7E86E5B554A}.Debug|Any CPU.ActiveCfg = Debug|Any CPU
		{874597CF-4E43-4064-8C13-F7E86E5B554A}.Debug|Any CPU.Build.0 = Debug|Any CPU
		{874597CF-4E43-4064-8C13-F7E86E5B554A}.Release|Any CPU.ActiveCfg = Release|Any CPU
		{874597CF-4E43-4064-8C13-F7E86E5B554A}.Release|Any CPU.Build.0 = Release|Any CPU
		{2C3BE841-B0BB-423B-B738-77938DC63D28}.Debug|Any CPU.ActiveCfg = Debug|Any CPU
		{2C3BE841-B0BB-423B-B738-77938DC63D28}.Debug|Any CPU.Build.0 = Debug|Any CPU
		{2C3BE841-B0BB-423B-B738-77938DC63D28}.Release|Any CPU.ActiveCfg = Release|Any CPU
		{2C3BE841-B0BB-423B-B738-77938DC63D28}.Release|Any CPU.Build.0 = Release|Any CPU
		{476F7252-13C0-4D68-9272-0B64E2F9DC02}.Debug|Any CPU.ActiveCfg = Debug|Any CPU
		{476F7252-13C0-4D68-9272-0B64E2F9DC02}.Debug|Any CPU.Build.0 = Debug|Any CPU
		{476F7252-13C0-4D68-9272-0B64E2F9DC02}.Release|Any CPU.ActiveCfg = Release|Any CPU
		{476F7252-13C0-4D68-9272-0B64E2F9DC02}.Release|Any CPU.Build.0 = Release|Any CPU
	EndGlobalSection
	GlobalSection(SolutionProperties) = preSolution
		HideSolutionNode = FALSE
	EndGlobalSection
	GlobalSection(ExtensibilityGlobals) = postSolution
		SolutionGuid = {D1E5CAF7-87BB-4762-8F17-6047B21BFCAD}
	EndGlobalSection
EndGlobal
